
Microsoft Visual Studio Solution File, Format Version 12.00
# Visual Studio Version 17
VisualStudioVersion = 17.7.34003.232
MinimumVisualStudioVersion = 10.0.40219.1
Project("{9A19103F-16F7-4668-BE54-9A1E7A4F7556}") = "FirmTracker-Server", "FirmTracker-Server.csproj", "{F0930A50-F0FF-46EE-A9A8-98BAF95E10FA}"
EndProject
Project("{9A19103F-16F7-4668-BE54-9A1E7A4F7556}") = "FirmTracker-Server.Tests", "..\FirmTracker-Server.Tests\FirmTracker-Server.Tests.csproj", "{D59B2357-E216-4BF1-A88D-4981D868290A}"
EndProject
Global
	GlobalSection(SolutionConfigurationPlatforms) = preSolution
		Debug|Any CPU = Debug|Any CPU
		Release|Any CPU = Release|Any CPU
	EndGlobalSection
	GlobalSection(ProjectConfigurationPlatforms) = postSolution
		{F0930A50-F0FF-46EE-A9A8-98BAF95E10FA}.Debug|Any CPU.ActiveCfg = Debug|Any CPU
		{F0930A50-F0FF-46EE-A9A8-98BAF95E10FA}.Debug|Any CPU.Build.0 = Debug|Any CPU
		{F0930A50-F0FF-46EE-A9A8-98BAF95E10FA}.Release|Any CPU.ActiveCfg = Release|Any CPU
		{F0930A50-F0FF-46EE-A9A8-98BAF95E10FA}.Release|Any CPU.Build.0 = Release|Any CPU
		{D59B2357-E216-4BF1-A88D-4981D868290A}.Debug|Any CPU.ActiveCfg = Debug|Any CPU
		{D59B2357-E216-4BF1-A88D-4981D868290A}.Debug|Any CPU.Build.0 = Debug|Any CPU
		{D59B2357-E216-4BF1-A88D-4981D868290A}.Release|Any CPU.ActiveCfg = Release|Any CPU
		{D59B2357-E216-4BF1-A88D-4981D868290A}.Release|Any CPU.Build.0 = Release|Any CPU
	EndGlobalSection
	GlobalSection(SolutionProperties) = preSolution
		HideSolutionNode = FALSE
	EndGlobalSection
	GlobalSection(ExtensibilityGlobals) = postSolution
		SolutionGuid = {830059B4-894A-43FF-A716-D92E556AF612}
	EndGlobalSection
EndGlobal
